
Microsoft Visual Studio Solution File, Format Version 12.00
# Visual Studio Version 17
VisualStudioVersion = 17.1.32210.238
MinimumVisualStudioVersion = 10.0.40219.1
Project("{8BC9CEB8-8B4A-11D0-8D11-00A0C91BC942}") = "Sample11", "Sample11.vcxproj", "{BE8C9DA1-7845-4C1E-9EB2-5825054F0A00}"
EndProject
Global
	GlobalSection(SolutionConfigurationPlatforms) = preSolution
		Debug|x64 = Debug|x64
		Debug|x86 = Debug|x86
		Release|x64 = Release|x64
		Release|x86 = Release|x86
	EndGlobalSection
	GlobalSection(ProjectConfigurationPlatforms) = postSolution
		{BE8C9DA1-7845-4C1E-9EB2-5825054F0A00}.Debug|x64.ActiveCfg = Debug|x64
		{BE8C9DA1-7845-4C1E-9EB2-5825054F0A00}.Debug|x64.Build.0 = Debug|x64
		{BE8C9DA1-7845-4C1E-9EB2-5825054F0A00}.Debug|x86.ActiveCfg = Debug|Win32
		{BE8C9DA1-7845-4C1E-9EB2-5825054F0A00}.Debug|x86.Build.0 = Debug|Win32
		{BE8C9DA1-7845-4C1E-9EB2-5825054F0A00}.Release|x64.ActiveCfg = Release|x64
		{BE8C9DA1-7845-4C1E-9EB2-5825054F0A00}.Release|x64.Build.0 = Release|x64
		{BE8C9DA1-7845-4C1E-9EB2-5825054F0A00}.Release|x86.ActiveCfg = Release|Win32
		{BE8C9DA1-7845-4C1E-9EB2-5825054F0A00}.Release|x86.Build.0 = Release|Win32
	EndGlobalSection
	GlobalSection(SolutionProperties) = preSolution
		HideSolutionNode = FALSE
	EndGlobalSection
	GlobalSection(ExtensibilityGlobals) = postSolution
		SolutionGuid = {4A872AED-40A6-4E09-B9BC-F883C7DCED69}
	EndGlobalSection
EndGlobal
