
Microsoft Visual Studio Solution File, Format Version 12.00
# Visual Studio Version 17
VisualStudioVersion = 17.1.32210.238
MinimumVisualStudioVersion = 10.0.40219.1
Project("{8BC9CEB8-8B4A-11D0-8D11-00A0C91BC942}") = "Sample3", "Sample3.vcxproj", "{788428DD-A120-496A-A55E-451DCC05FF08}"
EndProject
Global
	GlobalSection(SolutionConfigurationPlatforms) = preSolution
		Debug|x64 = Debug|x64
		Debug|x86 = Debug|x86
		Release|x64 = Release|x64
		Release|x86 = Release|x86
	EndGlobalSection
	GlobalSection(ProjectConfigurationPlatforms) = postSolution
		{788428DD-A120-496A-A55E-451DCC05FF08}.Debug|x64.ActiveCfg = Debug|x64
		{788428DD-A120-496A-A55E-451DCC05FF08}.Debug|x64.Build.0 = Debug|x64
		{788428DD-A120-496A-A55E-451DCC05FF08}.Debug|x86.ActiveCfg = Debug|Win32
		{788428DD-A120-496A-A55E-451DCC05FF08}.Debug|x86.Build.0 = Debug|Win32
		{788428DD-A120-496A-A55E-451DCC05FF08}.Release|x64.ActiveCfg = Release|x64
		{788428DD-A120-496A-A55E-451DCC05FF08}.Release|x64.Build.0 = Release|x64
		{788428DD-A120-496A-A55E-451DCC05FF08}.Release|x86.ActiveCfg = Release|Win32
		{788428DD-A120-496A-A55E-451DCC05FF08}.Release|x86.Build.0 = Release|Win32
	EndGlobalSection
	GlobalSection(SolutionProperties) = preSolution
		HideSolutionNode = FALSE
	EndGlobalSection
	GlobalSection(ExtensibilityGlobals) = postSolution
		SolutionGuid = {C4D7B0C6-FB9F-41AB-AFF9-303AB8A4F636}
	EndGlobalSection
EndGlobal
