
Microsoft Visual Studio Solution File, Format Version 12.00
# Visual Studio Version 17
VisualStudioVersion = 17.1.32319.34
MinimumVisualStudioVersion = 10.0.40219.1
Project("{8BC9CEB8-8B4A-11D0-8D11-00A0C91BC942}") = "Sample1", "Sample1.vcxproj", "{0179BE1B-E8A7-48AE-8938-C76A644C71DB}"
EndProject
Global
	GlobalSection(SolutionConfigurationPlatforms) = preSolution
		Debug|x64 = Debug|x64
		Debug|x86 = Debug|x86
		Release|x64 = Release|x64
		Release|x86 = Release|x86
	EndGlobalSection
	GlobalSection(ProjectConfigurationPlatforms) = postSolution
		{0179BE1B-E8A7-48AE-8938-C76A644C71DB}.Debug|x64.ActiveCfg = Debug|x64
		{0179BE1B-E8A7-48AE-8938-C76A644C71DB}.Debug|x64.Build.0 = Debug|x64
		{0179BE1B-E8A7-48AE-8938-C76A644C71DB}.Debug|x86.ActiveCfg = Debug|Win32
		{0179BE1B-E8A7-48AE-8938-C76A644C71DB}.Debug|x86.Build.0 = Debug|Win32
		{0179BE1B-E8A7-48AE-8938-C76A644C71DB}.Release|x64.ActiveCfg = Release|x64
		{0179BE1B-E8A7-48AE-8938-C76A644C71DB}.Release|x64.Build.0 = Release|x64
		{0179BE1B-E8A7-48AE-8938-C76A644C71DB}.Release|x86.ActiveCfg = Release|Win32
		{0179BE1B-E8A7-48AE-8938-C76A644C71DB}.Release|x86.Build.0 = Release|Win32
	EndGlobalSection
	GlobalSection(SolutionProperties) = preSolution
		HideSolutionNode = FALSE
	EndGlobalSection
	GlobalSection(ExtensibilityGlobals) = postSolution
		SolutionGuid = {871CC6A8-915A-403C-8CB6-381477081943}
	EndGlobalSection
EndGlobal
