
Microsoft Visual Studio Solution File, Format Version 12.00
# Visual Studio Version 17
VisualStudioVersion = 17.1.32210.238
MinimumVisualStudioVersion = 10.0.40219.1
Project("{8BC9CEB8-8B4A-11D0-8D11-00A0C91BC942}") = "Sample6", "Sample6.vcxproj", "{D7108F33-1CFB-4865-99EF-AB6D4222514C}"
EndProject
Global
	GlobalSection(SolutionConfigurationPlatforms) = preSolution
		Debug|x64 = Debug|x64
		Debug|x86 = Debug|x86
		Release|x64 = Release|x64
		Release|x86 = Release|x86
	EndGlobalSection
	GlobalSection(ProjectConfigurationPlatforms) = postSolution
		{D7108F33-1CFB-4865-99EF-AB6D4222514C}.Debug|x64.ActiveCfg = Debug|x64
		{D7108F33-1CFB-4865-99EF-AB6D4222514C}.Debug|x64.Build.0 = Debug|x64
		{D7108F33-1CFB-4865-99EF-AB6D4222514C}.Debug|x86.ActiveCfg = Debug|Win32
		{D7108F33-1CFB-4865-99EF-AB6D4222514C}.Debug|x86.Build.0 = Debug|Win32
		{D7108F33-1CFB-4865-99EF-AB6D4222514C}.Release|x64.ActiveCfg = Release|x64
		{D7108F33-1CFB-4865-99EF-AB6D4222514C}.Release|x64.Build.0 = Release|x64
		{D7108F33-1CFB-4865-99EF-AB6D4222514C}.Release|x86.ActiveCfg = Release|Win32
		{D7108F33-1CFB-4865-99EF-AB6D4222514C}.Release|x86.Build.0 = Release|Win32
	EndGlobalSection
	GlobalSection(SolutionProperties) = preSolution
		HideSolutionNode = FALSE
	EndGlobalSection
	GlobalSection(ExtensibilityGlobals) = postSolution
		SolutionGuid = {F25B9436-6AE9-427C-8B67-8F1BBFF42FFB}
	EndGlobalSection
EndGlobal
